// !$*UTF8*$!
{
	archiveVersion = 1;
	classes = {
	};
	objectVersion = 56;
	objects = {

/* Begin PBXBuildFile section */
		A011675628E4F43D007DDD4A /* DemoSignApp.swift in Sources */ = {isa = PBXBuildFile; fileRef = A011675528E4F43D007DDD4A /* DemoSignApp.swift */; };
		A011675828E4F43D007DDD4A /* ContentView.swift in Sources */ = {isa = PBXBuildFile; fileRef = A011675728E4F43D007DDD4A /* ContentView.swift */; };
		A011675A28E4F43F007DDD4A /* Assets.xcassets in Resources */ = {isa = PBXBuildFile; fileRef = A011675928E4F43F007DDD4A /* Assets.xcassets */; };
		A011675D28E4F43F007DDD4A /* Preview Assets.xcassets in Resources */ = {isa = PBXBuildFile; fileRef = A011675C28E4F43F007DDD4A /* Preview Assets.xcassets */; };
		A011676A28E4F683007DDD4A /* LoginView.swift in Sources */ = {isa = PBXBuildFile; fileRef = A011676928E4F683007DDD4A /* LoginView.swift */; };
		A011676C28E4F697007DDD4A /* MenuView.swift in Sources */ = {isa = PBXBuildFile; fileRef = A011676B28E4F697007DDD4A /* MenuView.swift */; };
		A011676E28E4F6EB007DDD4A /* RequestListView.swift in Sources */ = {isa = PBXBuildFile; fileRef = A011676D28E4F6EB007DDD4A /* RequestListView.swift */; };
		A011677028E4F8BB007DDD4A /* DetailRequestView.swift in Sources */ = {isa = PBXBuildFile; fileRef = A011676F28E4F8BB007DDD4A /* DetailRequestView.swift */; };
		A011677228E4F9CA007DDD4A /* LoginViewModel.swift in Sources */ = {isa = PBXBuildFile; fileRef = A011677128E4F9CA007DDD4A /* LoginViewModel.swift */; };
		A011677428E4FA22007DDD4A /* RequestListViewModel.swift in Sources */ = {isa = PBXBuildFile; fileRef = A011677328E4FA22007DDD4A /* RequestListViewModel.swift */; };
		A011677628E4FA3A007DDD4A /* DetailRequestViewModel.swift in Sources */ = {isa = PBXBuildFile; fileRef = A011677528E4FA3A007DDD4A /* DetailRequestViewModel.swift */; };
		A011677828E4FA9D007DDD4A /* AppConstants.swift in Sources */ = {isa = PBXBuildFile; fileRef = A011677728E4FA9D007DDD4A /* AppConstants.swift */; };
		A0D2A85928E540BC009945AB /* Montserrat-LightItalic.ttf in Resources */ = {isa = PBXBuildFile; fileRef = A0D2A84728E540BC009945AB /* Montserrat-LightItalic.ttf */; };
		A0D2A85A28E540BC009945AB /* Montserrat-Medium.ttf in Resources */ = {isa = PBXBuildFile; fileRef = A0D2A84828E540BC009945AB /* Montserrat-Medium.ttf */; };
		A0D2A85B28E540BD009945AB /* Montserrat-BoldItalic.ttf in Resources */ = {isa = PBXBuildFile; fileRef = A0D2A84928E540BC009945AB /* Montserrat-BoldItalic.ttf */; };
		A0D2A85C28E540BD009945AB /* Montserrat-Light.ttf in Resources */ = {isa = PBXBuildFile; fileRef = A0D2A84A28E540BC009945AB /* Montserrat-Light.ttf */; };
		A0D2A85D28E540BD009945AB /* Montserrat-ThinItalic.ttf in Resources */ = {isa = PBXBuildFile; fileRef = A0D2A84B28E540BC009945AB /* Montserrat-ThinItalic.ttf */; };
		A0D2A85E28E540BD009945AB /* Montserrat-ExtraLight.ttf in Resources */ = {isa = PBXBuildFile; fileRef = A0D2A84C28E540BC009945AB /* Montserrat-ExtraLight.ttf */; };
		A0D2A85F28E540BD009945AB /* Montserrat-Thin.ttf in Resources */ = {isa = PBXBuildFile; fileRef = A0D2A84D28E540BC009945AB /* Montserrat-Thin.ttf */; };
		A0D2A86028E540BD009945AB /* Montserrat-Bold.ttf in Resources */ = {isa = PBXBuildFile; fileRef = A0D2A84E28E540BC009945AB /* Montserrat-Bold.ttf */; };
		A0D2A86128E540BD009945AB /* Montserrat-MediumItalic.ttf in Resources */ = {isa = PBXBuildFile; fileRef = A0D2A84F28E540BC009945AB /* Montserrat-MediumItalic.ttf */; };
		A0D2A86228E540BD009945AB /* Montserrat-BlackItalic.ttf in Resources */ = {isa = PBXBuildFile; fileRef = A0D2A85028E540BC009945AB /* Montserrat-BlackItalic.ttf */; };
		A0D2A86328E540BD009945AB /* Montserrat-SemiBold.ttf in Resources */ = {isa = PBXBuildFile; fileRef = A0D2A85128E540BC009945AB /* Montserrat-SemiBold.ttf */; };
		A0D2A86428E540BD009945AB /* Montserrat-ExtraLightItalic.ttf in Resources */ = {isa = PBXBuildFile; fileRef = A0D2A85228E540BC009945AB /* Montserrat-ExtraLightItalic.ttf */; };
		A0D2A86528E540BD009945AB /* Montserrat-ExtraBold.ttf in Resources */ = {isa = PBXBuildFile; fileRef = A0D2A85328E540BC009945AB /* Montserrat-ExtraBold.ttf */; };
		A0D2A86628E540BD009945AB /* Montserrat-Black.ttf in Resources */ = {isa = PBXBuildFile; fileRef = A0D2A85428E540BC009945AB /* Montserrat-Black.ttf */; };
		A0D2A86728E540BD009945AB /* Montserrat-Regular.ttf in Resources */ = {isa = PBXBuildFile; fileRef = A0D2A85528E540BC009945AB /* Montserrat-Regular.ttf */; };
		A0D2A86828E540BD009945AB /* Montserrat-Italic.ttf in Resources */ = {isa = PBXBuildFile; fileRef = A0D2A85628E540BC009945AB /* Montserrat-Italic.ttf */; };
		A0D2A86928E540BD009945AB /* Montserrat-SemiBoldItalic.ttf in Resources */ = {isa = PBXBuildFile; fileRef = A0D2A85728E540BC009945AB /* Montserrat-SemiBoldItalic.ttf */; };
		A0D2A86A28E540BD009945AB /* Montserrat-ExtraBoldItalic.ttf in Resources */ = {isa = PBXBuildFile; fileRef = A0D2A85828E540BC009945AB /* Montserrat-ExtraBoldItalic.ttf */; };
/* End PBXBuildFile section */

/* Begin PBXFileReference section */
		A011675228E4F43D007DDD4A /* DemoSign.app */ = {isa = PBXFileReference; explicitFileType = wrapper.application; includeInIndex = 0; path = DemoSign.app; sourceTree = BUILT_PRODUCTS_DIR; };
		A011675528E4F43D007DDD4A /* DemoSignApp.swift */ = {isa = PBXFileReference; lastKnownFileType = sourcecode.swift; path = DemoSignApp.swift; sourceTree = "<group>"; };
		A011675728E4F43D007DDD4A /* ContentView.swift */ = {isa = PBXFileReference; lastKnownFileType = sourcecode.swift; path = ContentView.swift; sourceTree = "<group>"; };
		A011675928E4F43F007DDD4A /* Assets.xcassets */ = {isa = PBXFileReference; lastKnownFileType = folder.assetcatalog; path = Assets.xcassets; sourceTree = "<group>"; };
		A011675C28E4F43F007DDD4A /* Preview Assets.xcassets */ = {isa = PBXFileReference; lastKnownFileType = folder.assetcatalog; path = "Preview Assets.xcassets"; sourceTree = "<group>"; };
		A011676928E4F683007DDD4A /* LoginView.swift */ = {isa = PBXFileReference; lastKnownFileType = sourcecode.swift; path = LoginView.swift; sourceTree = "<group>"; };
		A011676B28E4F697007DDD4A /* MenuView.swift */ = {isa = PBXFileReference; lastKnownFileType = sourcecode.swift; path = MenuView.swift; sourceTree = "<group>"; };
		A011676D28E4F6EB007DDD4A /* RequestListView.swift */ = {isa = PBXFileReference; lastKnownFileType = sourcecode.swift; path = RequestListView.swift; sourceTree = "<group>"; };
		A011676F28E4F8BB007DDD4A /* DetailRequestView.swift */ = {isa = PBXFileReference; lastKnownFileType = sourcecode.swift; path = DetailRequestView.swift; sourceTree = "<group>"; };
		A011677128E4F9CA007DDD4A /* LoginViewModel.swift */ = {isa = PBXFileReference; lastKnownFileType = sourcecode.swift; path = LoginViewModel.swift; sourceTree = "<group>"; };
		A011677328E4FA22007DDD4A /* RequestListViewModel.swift */ = {isa = PBXFileReference; lastKnownFileType = sourcecode.swift; path = RequestListViewModel.swift; sourceTree = "<group>"; };
		A011677528E4FA3A007DDD4A /* DetailRequestViewModel.swift */ = {isa = PBXFileReference; lastKnownFileType = sourcecode.swift; path = DetailRequestViewModel.swift; sourceTree = "<group>"; };
		A011677728E4FA9D007DDD4A /* AppConstants.swift */ = {isa = PBXFileReference; lastKnownFileType = sourcecode.swift; path = AppConstants.swift; sourceTree = "<group>"; };
		A0D2A84728E540BC009945AB /* Montserrat-LightItalic.ttf */ = {isa = PBXFileReference; lastKnownFileType = file; path = "Montserrat-LightItalic.ttf"; sourceTree = "<group>"; };
		A0D2A84828E540BC009945AB /* Montserrat-Medium.ttf */ = {isa = PBXFileReference; lastKnownFileType = file; path = "Montserrat-Medium.ttf"; sourceTree = "<group>"; };
		A0D2A84928E540BC009945AB /* Montserrat-BoldItalic.ttf */ = {isa = PBXFileReference; lastKnownFileType = file; path = "Montserrat-BoldItalic.ttf"; sourceTree = "<group>"; };
		A0D2A84A28E540BC009945AB /* Montserrat-Light.ttf */ = {isa = PBXFileReference; lastKnownFileType = file; path = "Montserrat-Light.ttf"; sourceTree = "<group>"; };
		A0D2A84B28E540BC009945AB /* Montserrat-ThinItalic.ttf */ = {isa = PBXFileReference; lastKnownFileType = file; path = "Montserrat-ThinItalic.ttf"; sourceTree = "<group>"; };
		A0D2A84C28E540BC009945AB /* Montserrat-ExtraLight.ttf */ = {isa = PBXFileReference; lastKnownFileType = file; path = "Montserrat-ExtraLight.ttf"; sourceTree = "<group>"; };
		A0D2A84D28E540BC009945AB /* Montserrat-Thin.ttf */ = {isa = PBXFileReference; lastKnownFileType = file; path = "Montserrat-Thin.ttf"; sourceTree = "<group>"; };
		A0D2A84E28E540BC009945AB /* Montserrat-Bold.ttf */ = {isa = PBXFileReference; lastKnownFileType = file; path = "Montserrat-Bold.ttf"; sourceTree = "<group>"; };
		A0D2A84F28E540BC009945AB /* Montserrat-MediumItalic.ttf */ = {isa = PBXFileReference; lastKnownFileType = file; path = "Montserrat-MediumItalic.ttf"; sourceTree = "<group>"; };
		A0D2A85028E540BC009945AB /* Montserrat-BlackItalic.ttf */ = {isa = PBXFileReference; lastKnownFileType = file; path = "Montserrat-BlackItalic.ttf"; sourceTree = "<group>"; };
		A0D2A85128E540BC009945AB /* Montserrat-SemiBold.ttf */ = {isa = PBXFileReference; lastKnownFileType = file; path = "Montserrat-SemiBold.ttf"; sourceTree = "<group>"; };
		A0D2A85228E540BC009945AB /* Montserrat-ExtraLightItalic.ttf */ = {isa = PBXFileReference; lastKnownFileType = file; path = "Montserrat-ExtraLightItalic.ttf"; sourceTree = "<group>"; };
		A0D2A85328E540BC009945AB /* Montserrat-ExtraBold.ttf */ = {isa = PBXFileReference; lastKnownFileType = file; path = "Montserrat-ExtraBold.ttf"; sourceTree = "<group>"; };
		A0D2A85428E540BC009945AB /* Montserrat-Black.ttf */ = {isa = PBXFileReference; lastKnownFileType = file; path = "Montserrat-Black.ttf"; sourceTree = "<group>"; };
		A0D2A85528E540BC009945AB /* Montserrat-Regular.ttf */ = {isa = PBXFileReference; lastKnownFileType = file; path = "Montserrat-Regular.ttf"; sourceTree = "<group>"; };
		A0D2A85628E540BC009945AB /* Montserrat-Italic.ttf */ = {isa = PBXFileReference; lastKnownFileType = file; path = "Montserrat-Italic.ttf"; sourceTree = "<group>"; };
		A0D2A85728E540BC009945AB /* Montserrat-SemiBoldItalic.ttf */ = {isa = PBXFileReference; lastKnownFileType = file; path = "Montserrat-SemiBoldItalic.ttf"; sourceTree = "<group>"; };
		A0D2A85828E540BC009945AB /* Montserrat-ExtraBoldItalic.ttf */ = {isa = PBXFileReference; lastKnownFileType = file; path = "Montserrat-ExtraBoldItalic.ttf"; sourceTree = "<group>"; };
		A0D2A86B28E5437B009945AB /* Info.plist */ = {isa = PBXFileReference; lastKnownFileType = text.plist; path = Info.plist; sourceTree = "<group>"; };
/* End PBXFileReference section */

/* Begin PBXFrameworksBuildPhase section */
		A011674F28E4F43D007DDD4A /* Frameworks */ = {
			isa = PBXFrameworksBuildPhase;
			buildActionMask = 2147483647;
			files = (
			);
			runOnlyForDeploymentPostprocessing = 0;
		};
/* End PBXFrameworksBuildPhase section */

/* Begin PBXGroup section */
		A011674928E4F43D007DDD4A = {
			isa = PBXGroup;
			children = (
				A011675428E4F43D007DDD4A /* DemoSign */,
				A011675328E4F43D007DDD4A /* Products */,
			);
			sourceTree = "<group>";
		};
		A011675328E4F43D007DDD4A /* Products */ = {
			isa = PBXGroup;
			children = (
				A011675228E4F43D007DDD4A /* DemoSign.app */,
			);
			name = Products;
			sourceTree = "<group>";
		};
		A011675428E4F43D007DDD4A /* DemoSign */ = {
			isa = PBXGroup;
			children = (
				A0D2A86B28E5437B009945AB /* Info.plist */,
				A0D2A84628E540BC009945AB /* Fonts */,
				A011676828E4F66A007DDD4A /* Listeners */,
				A011676728E4F65C007DDD4A /* Api */,
				A011676628E4F654007DDD4A /* ViewModels */,
				A011676528E4F648007DDD4A /* Utils */,
				A011676428E4F63E007DDD4A /* Models */,
				A011676328E4F636007DDD4A /* Views */,
				A011675528E4F43D007DDD4A /* DemoSignApp.swift */,
				A011675728E4F43D007DDD4A /* ContentView.swift */,
				A011675928E4F43F007DDD4A /* Assets.xcassets */,
				A011675B28E4F43F007DDD4A /* Preview Content */,
			);
			path = DemoSign;
			sourceTree = "<group>";
		};
		A011675B28E4F43F007DDD4A /* Preview Content */ = {
			isa = PBXGroup;
			children = (
				A011675C28E4F43F007DDD4A /* Preview Assets.xcassets */,
			);
			path = "Preview Content";
			sourceTree = "<group>";
		};
		A011676328E4F636007DDD4A /* Views */ = {
			isa = PBXGroup;
			children = (
				A011676928E4F683007DDD4A /* LoginView.swift */,
				A011676B28E4F697007DDD4A /* MenuView.swift */,
				A011676D28E4F6EB007DDD4A /* RequestListView.swift */,
				A011676F28E4F8BB007DDD4A /* DetailRequestView.swift */,
			);
			name = Views;
			sourceTree = "<group>";
		};
		A011676428E4F63E007DDD4A /* Models */ = {
			isa = PBXGroup;
			children = (
			);
			name = Models;
			sourceTree = "<group>";
		};
		A011676528E4F648007DDD4A /* Utils */ = {
			isa = PBXGroup;
			children = (
				A011677728E4FA9D007DDD4A /* AppConstants.swift */,
			);
			path = Utils;
			sourceTree = "<group>";
		};
		A011676628E4F654007DDD4A /* ViewModels */ = {
			isa = PBXGroup;
			children = (
				A011677128E4F9CA007DDD4A /* LoginViewModel.swift */,
				A011677328E4FA22007DDD4A /* RequestListViewModel.swift */,
				A011677528E4FA3A007DDD4A /* DetailRequestViewModel.swift */,
			);
			name = ViewModels;
			sourceTree = "<group>";
		};
		A011676728E4F65C007DDD4A /* Api */ = {
			isa = PBXGroup;
			children = (
			);
			path = Api;
			sourceTree = "<group>";
		};
		A011676828E4F66A007DDD4A /* Listeners */ = {
			isa = PBXGroup;
			children = (
			);
			name = Listeners;
			sourceTree = "<group>";
		};
		A0D2A84628E540BC009945AB /* Fonts */ = {
			isa = PBXGroup;
			children = (
				A0D2A84728E540BC009945AB /* Montserrat-LightItalic.ttf */,
				A0D2A84828E540BC009945AB /* Montserrat-Medium.ttf */,
				A0D2A84928E540BC009945AB /* Montserrat-BoldItalic.ttf */,
				A0D2A84A28E540BC009945AB /* Montserrat-Light.ttf */,
				A0D2A84B28E540BC009945AB /* Montserrat-ThinItalic.ttf */,
				A0D2A84C28E540BC009945AB /* Montserrat-ExtraLight.ttf */,
				A0D2A84D28E540BC009945AB /* Montserrat-Thin.ttf */,
				A0D2A84E28E540BC009945AB /* Montserrat-Bold.ttf */,
				A0D2A84F28E540BC009945AB /* Montserrat-MediumItalic.ttf */,
				A0D2A85028E540BC009945AB /* Montserrat-BlackItalic.ttf */,
				A0D2A85128E540BC009945AB /* Montserrat-SemiBold.ttf */,
				A0D2A85228E540BC009945AB /* Montserrat-ExtraLightItalic.ttf */,
				A0D2A85328E540BC009945AB /* Montserrat-ExtraBold.ttf */,
				A0D2A85428E540BC009945AB /* Montserrat-Black.ttf */,
				A0D2A85528E540BC009945AB /* Montserrat-Regular.ttf */,
				A0D2A85628E540BC009945AB /* Montserrat-Italic.ttf */,
				A0D2A85728E540BC009945AB /* Montserrat-SemiBoldItalic.ttf */,
				A0D2A85828E540BC009945AB /* Montserrat-ExtraBoldItalic.ttf */,
			);
			path = Fonts;
			sourceTree = "<group>";
		};
/* End PBXGroup section */

/* Begin PBXNativeTarget section */
		A011675128E4F43D007DDD4A /* DemoSign */ = {
			isa = PBXNativeTarget;
			buildConfigurationList = A011676028E4F43F007DDD4A /* Build configuration list for PBXNativeTarget "DemoSign" */;
			buildPhases = (
				A011674E28E4F43D007DDD4A /* Sources */,
				A011674F28E4F43D007DDD4A /* Frameworks */,
				A011675028E4F43D007DDD4A /* Resources */,
			);
			buildRules = (
			);
			dependencies = (
			);
			name = DemoSign;
			productName = DemoSign;
			productReference = A011675228E4F43D007DDD4A /* DemoSign.app */;
			productType = "com.apple.product-type.application";
		};
/* End PBXNativeTarget section */

/* Begin PBXProject section */
		A011674A28E4F43D007DDD4A /* Project object */ = {
			isa = PBXProject;
			attributes = {
				BuildIndependentTargetsInParallel = 1;
				LastSwiftUpdateCheck = 1400;
				LastUpgradeCheck = 1400;
				TargetAttributes = {
					A011675128E4F43D007DDD4A = {
						CreatedOnToolsVersion = 14.0;
					};
				};
			};
			buildConfigurationList = A011674D28E4F43D007DDD4A /* Build configuration list for PBXProject "DemoSign" */;
			compatibilityVersion = "Xcode 14.0";
			developmentRegion = en;
			hasScannedForEncodings = 0;
			knownRegions = (
				en,
				Base,
			);
			mainGroup = A011674928E4F43D007DDD4A;
			productRefGroup = A011675328E4F43D007DDD4A /* Products */;
			projectDirPath = "";
			projectRoot = "";
			targets = (
				A011675128E4F43D007DDD4A /* DemoSign */,
			);
		};
/* End PBXProject section */

/* Begin PBXResourcesBuildPhase section */
		A011675028E4F43D007DDD4A /* Resources */ = {
			isa = PBXResourcesBuildPhase;
			buildActionMask = 2147483647;
			files = (
				A0D2A86928E540BD009945AB /* Montserrat-SemiBoldItalic.ttf in Resources */,
				A0D2A86128E540BD009945AB /* Montserrat-MediumItalic.ttf in Resources */,
				A0D2A86028E540BD009945AB /* Montserrat-Bold.ttf in Resources */,
				A0D2A86728E540BD009945AB /* Montserrat-Regular.ttf in Resources */,
				A0D2A86328E540BD009945AB /* Montserrat-SemiBold.ttf in Resources */,
				A0D2A85C28E540BD009945AB /* Montserrat-Light.ttf in Resources */,
				A0D2A85F28E540BD009945AB /* Montserrat-Thin.ttf in Resources */,
				A0D2A85D28E540BD009945AB /* Montserrat-ThinItalic.ttf in Resources */,
				A011675D28E4F43F007DDD4A /* Preview Assets.xcassets in Resources */,
				A011675A28E4F43F007DDD4A /* Assets.xcassets in Resources */,
				A0D2A85A28E540BC009945AB /* Montserrat-Medium.ttf in Resources */,
				A0D2A86628E540BD009945AB /* Montserrat-Black.ttf in Resources */,
				A0D2A85E28E540BD009945AB /* Montserrat-ExtraLight.ttf in Resources */,
				A0D2A86528E540BD009945AB /* Montserrat-ExtraBold.ttf in Resources */,
				A0D2A86228E540BD009945AB /* Montserrat-BlackItalic.ttf in Resources */,
				A0D2A85B28E540BD009945AB /* Montserrat-BoldItalic.ttf in Resources */,
				A0D2A86828E540BD009945AB /* Montserrat-Italic.ttf in Resources */,
				A0D2A86A28E540BD009945AB /* Montserrat-ExtraBoldItalic.ttf in Resources */,
				A0D2A85928E540BC009945AB /* Montserrat-LightItalic.ttf in Resources */,
				A0D2A86428E540BD009945AB /* Montserrat-ExtraLightItalic.ttf in Resources */,
			);
			runOnlyForDeploymentPostprocessing = 0;
		};
/* End PBXResourcesBuildPhase section */

/* Begin PBXSourcesBuildPhase section */
		A011674E28E4F43D007DDD4A /* Sources */ = {
			isa = PBXSourcesBuildPhase;
			buildActionMask = 2147483647;
			files = (
				A011676E28E4F6EB007DDD4A /* RequestListView.swift in Sources */,
				A011676A28E4F683007DDD4A /* LoginView.swift in Sources */,
				A011676C28E4F697007DDD4A /* MenuView.swift in Sources */,
				A011675828E4F43D007DDD4A /* ContentView.swift in Sources */,
				A011677628E4FA3A007DDD4A /* DetailRequestViewModel.swift in Sources */,
				A011675628E4F43D007DDD4A /* DemoSignApp.swift in Sources */,
				A011677028E4F8BB007DDD4A /* DetailRequestView.swift in Sources */,
				A011677428E4FA22007DDD4A /* RequestListViewModel.swift in Sources */,
				A011677228E4F9CA007DDD4A /* LoginViewModel.swift in Sources */,
				A011677828E4FA9D007DDD4A /* AppConstants.swift in Sources */,
			);
			runOnlyForDeploymentPostprocessing = 0;
		};
/* End PBXSourcesBuildPhase section */

/* Begin XCBuildConfiguration section */
		A011675E28E4F43F007DDD4A /* Debug */ = {
			isa = XCBuildConfiguration;
			buildSettings = {
				ALWAYS_SEARCH_USER_PATHS = NO;
				CLANG_ANALYZER_NONNULL = YES;
				CLANG_ANALYZER_NUMBER_OBJECT_CONVERSION = YES_AGGRESSIVE;
				CLANG_CXX_LANGUAGE_STANDARD = "gnu++20";
				CLANG_ENABLE_MODULES = YES;
				CLANG_ENABLE_OBJC_ARC = YES;
				CLANG_ENABLE_OBJC_WEAK = YES;
				CLANG_WARN_BLOCK_CAPTURE_AUTORELEASING = YES;
				CLANG_WARN_BOOL_CONVERSION = YES;
				CLANG_WARN_COMMA = YES;
				CLANG_WARN_CONSTANT_CONVERSION = YES;
				CLANG_WARN_DEPRECATED_OBJC_IMPLEMENTATIONS = YES;
				CLANG_WARN_DIRECT_OBJC_ISA_USAGE = YES_ERROR;
				CLANG_WARN_DOCUMENTATION_COMMENTS = YES;
				CLANG_WARN_EMPTY_BODY = YES;
				CLANG_WARN_ENUM_CONVERSION = YES;
				CLANG_WARN_INFINITE_RECURSION = YES;
				CLANG_WARN_INT_CONVERSION = YES;
				CLANG_WARN_NON_LITERAL_NULL_CONVERSION = YES;
				CLANG_WARN_OBJC_IMPLICIT_RETAIN_SELF = YES;
				CLANG_WARN_OBJC_LITERAL_CONVERSION = YES;
				CLANG_WARN_OBJC_ROOT_CLASS = YES_ERROR;
				CLANG_WARN_QUOTED_INCLUDE_IN_FRAMEWORK_HEADER = YES;
				CLANG_WARN_RANGE_LOOP_ANALYSIS = YES;
				CLANG_WARN_STRICT_PROTOTYPES = YES;
				CLANG_WARN_SUSPICIOUS_MOVE = YES;
				CLANG_WARN_UNGUARDED_AVAILABILITY = YES_AGGRESSIVE;
				CLANG_WARN_UNREACHABLE_CODE = YES;
				CLANG_WARN__DUPLICATE_METHOD_MATCH = YES;
				COPY_PHASE_STRIP = NO;
				DEBUG_INFORMATION_FORMAT = dwarf;
				ENABLE_STRICT_OBJC_MSGSEND = YES;
				ENABLE_TESTABILITY = YES;
				GCC_C_LANGUAGE_STANDARD = gnu11;
				GCC_DYNAMIC_NO_PIC = NO;
				GCC_NO_COMMON_BLOCKS = YES;
				GCC_OPTIMIZATION_LEVEL = 0;
				GCC_PREPROCESSOR_DEFINITIONS = (
					"DEBUG=1",
					"$(inherited)",
				);
				GCC_WARN_64_TO_32_BIT_CONVERSION = YES;
				GCC_WARN_ABOUT_RETURN_TYPE = YES_ERROR;
				GCC_WARN_UNDECLARED_SELECTOR = YES;
				GCC_WARN_UNINITIALIZED_AUTOS = YES_AGGRESSIVE;
				GCC_WARN_UNUSED_FUNCTION = YES;
				GCC_WARN_UNUSED_VARIABLE = YES;
				IPHONEOS_DEPLOYMENT_TARGET = 16.0;
				MTL_ENABLE_DEBUG_INFO = INCLUDE_SOURCE;
				MTL_FAST_MATH = YES;
				ONLY_ACTIVE_ARCH = YES;
				SDKROOT = iphoneos;
				SWIFT_ACTIVE_COMPILATION_CONDITIONS = DEBUG;
				SWIFT_OPTIMIZATION_LEVEL = "-Onone";
			};
			name = Debug;
		};
		A011675F28E4F43F007DDD4A /* Release */ = {
			isa = XCBuildConfiguration;
			buildSettings = {
				ALWAYS_SEARCH_USER_PATHS = NO;
				CLANG_ANALYZER_NONNULL = YES;
				CLANG_ANALYZER_NUMBER_OBJECT_CONVERSION = YES_AGGRESSIVE;
				CLANG_CXX_LANGUAGE_STANDARD = "gnu++20";
				CLANG_ENABLE_MODULES = YES;
				CLANG_ENABLE_OBJC_ARC = YES;
				CLANG_ENABLE_OBJC_WEAK = YES;
				CLANG_WARN_BLOCK_CAPTURE_AUTORELEASING = YES;
				CLANG_WARN_BOOL_CONVERSION = YES;
				CLANG_WARN_COMMA = YES;
				CLANG_WARN_CONSTANT_CONVERSION = YES;
				CLANG_WARN_DEPRECATED_OBJC_IMPLEMENTATIONS = YES;
				CLANG_WARN_DIRECT_OBJC_ISA_USAGE = YES_ERROR;
				CLANG_WARN_DOCUMENTATION_COMMENTS = YES;
				CLANG_WARN_EMPTY_BODY = YES;
				CLANG_WARN_ENUM_CONVERSION = YES;
				CLANG_WARN_INFINITE_RECURSION = YES;
				CLANG_WARN_INT_CONVERSION = YES;
				CLANG_WARN_NON_LITERAL_NULL_CONVERSION = YES;
				CLANG_WARN_OBJC_IMPLICIT_RETAIN_SELF = YES;
				CLANG_WARN_OBJC_LITERAL_CONVERSION = YES;
				CLANG_WARN_OBJC_ROOT_CLASS = YES_ERROR;
				CLANG_WARN_QUOTED_INCLUDE_IN_FRAMEWORK_HEADER = YES;
				CLANG_WARN_RANGE_LOOP_ANALYSIS = YES;
				CLANG_WARN_STRICT_PROTOTYPES = YES;
				CLANG_WARN_SUSPICIOUS_MOVE = YES;
				CLANG_WARN_UNGUARDED_AVAILABILITY = YES_AGGRESSIVE;
				CLANG_WARN_UNREACHABLE_CODE = YES;
				CLANG_WARN__DUPLICATE_METHOD_MATCH = YES;
				COPY_PHASE_STRIP = NO;
				DEBUG_INFORMATION_FORMAT = "dwarf-with-dsym";
				ENABLE_NS_ASSERTIONS = NO;
				ENABLE_STRICT_OBJC_MSGSEND = YES;
				GCC_C_LANGUAGE_STANDARD = gnu11;
				GCC_NO_COMMON_BLOCKS = YES;
				GCC_WARN_64_TO_32_BIT_CONVERSION = YES;
				GCC_WARN_ABOUT_RETURN_TYPE = YES_ERROR;
				GCC_WARN_UNDECLARED_SELECTOR = YES;
				GCC_WARN_UNINITIALIZED_AUTOS = YES_AGGRESSIVE;
				GCC_WARN_UNUSED_FUNCTION = YES;
				GCC_WARN_UNUSED_VARIABLE = YES;
				IPHONEOS_DEPLOYMENT_TARGET = 16.0;
				MTL_ENABLE_DEBUG_INFO = NO;
				MTL_FAST_MATH = YES;
				SDKROOT = iphoneos;
				SWIFT_COMPILATION_MODE = wholemodule;
				SWIFT_OPTIMIZATION_LEVEL = "-O";
				VALIDATE_PRODUCT = YES;
			};
			name = Release;
		};
		A011676128E4F43F007DDD4A /* Debug */ = {
			isa = XCBuildConfiguration;
			buildSettings = {
				ASSETCATALOG_COMPILER_APPICON_NAME = AppIcon;
				ASSETCATALOG_COMPILER_GLOBAL_ACCENT_COLOR_NAME = AccentColor;
				CODE_SIGN_STYLE = Automatic;
				CURRENT_PROJECT_VERSION = 1;
				DEVELOPMENT_ASSET_PATHS = "\"DemoSign/Preview Content\"";
				DEVELOPMENT_TEAM = VZV6688XCU;
				ENABLE_PREVIEWS = YES;
				GENERATE_INFOPLIST_FILE = YES;
				INFOPLIST_FILE = DemoSign/Info.plist;
				INFOPLIST_KEY_UIApplicationSceneManifest_Generation = YES;
				INFOPLIST_KEY_UIApplicationSupportsIndirectInputEvents = YES;
				INFOPLIST_KEY_UILaunchScreen_Generation = YES;
				INFOPLIST_KEY_UISupportedInterfaceOrientations_iPad = "UIInterfaceOrientationPortrait UIInterfaceOrientationPortraitUpsideDown UIInterfaceOrientationLandscapeLeft UIInterfaceOrientationLandscapeRight";
				INFOPLIST_KEY_UISupportedInterfaceOrientations_iPhone = "UIInterfaceOrientationPortrait UIInterfaceOrientationLandscapeLeft UIInterfaceOrientationLandscapeRight";
				LD_RUNPATH_SEARCH_PATHS = (
					"$(inherited)",
					"@executable_path/Frameworks",
				);
				MARKETING_VERSION = 1.0;
				PRODUCT_BUNDLE_IDENTIFIER = com.demo.sign.DemoSign;
				PRODUCT_NAME = "$(TARGET_NAME)";
				SWIFT_EMIT_LOC_STRINGS = YES;
				SWIFT_VERSION = 5.0;
				TARGETED_DEVICE_FAMILY = "1,2";
			};
			name = Debug;
		};
		A011676228E4F43F007DDD4A /* Release */ = {
			isa = XCBuildConfiguration;
			buildSettings = {
				ASSETCATALOG_COMPILER_APPICON_NAME = AppIcon;
				ASSETCATALOG_COMPILER_GLOBAL_ACCENT_COLOR_NAME = AccentColor;
				CODE_SIGN_STYLE = Automatic;
				CURRENT_PROJECT_VERSION = 1;
				DEVELOPMENT_ASSET_PATHS = "\"DemoSign/Preview Content\"";
				DEVELOPMENT_TEAM = VZV6688XCU;
				ENABLE_PREVIEWS = YES;
				GENERATE_INFOPLIST_FILE = YES;
				INFOPLIST_FILE = DemoSign/Info.plist;
				INFOPLIST_KEY_UIApplicationSceneManifest_Generation = YES;
				INFOPLIST_KEY_UIApplicationSupportsIndirectInputEvents = YES;
				INFOPLIST_KEY_UILaunchScreen_Generation = YES;
				INFOPLIST_KEY_UISupportedInterfaceOrientations_iPad = "UIInterfaceOrientationPortrait UIInterfaceOrientationPortraitUpsideDown UIInterfaceOrientationLandscapeLeft UIInterfaceOrientationLandscapeRight";
				INFOPLIST_KEY_UISupportedInterfaceOrientations_iPhone = "UIInterfaceOrientationPortrait UIInterfaceOrientationLandscapeLeft UIInterfaceOrientationLandscapeRight";
				LD_RUNPATH_SEARCH_PATHS = (
					"$(inherited)",
					"@executable_path/Frameworks",
				);
				MARKETING_VERSION = 1.0;
				PRODUCT_BUNDLE_IDENTIFIER = com.demo.sign.DemoSign;
				PRODUCT_NAME = "$(TARGET_NAME)";
				SWIFT_EMIT_LOC_STRINGS = YES;
				SWIFT_VERSION = 5.0;
				TARGETED_DEVICE_FAMILY = "1,2";
			};
			name = Release;
		};
/* End XCBuildConfiguration section */

/* Begin XCConfigurationList section */
		A011674D28E4F43D007DDD4A /* Build configuration list for PBXProject "DemoSign" */ = {
			isa = XCConfigurationList;
			buildConfigurations = (
				A011675E28E4F43F007DDD4A /* Debug */,
				A011675F28E4F43F007DDD4A /* Release */,
			);
			defaultConfigurationIsVisible = 0;
			defaultConfigurationName = Release;
		};
		A011676028E4F43F007DDD4A /* Build configuration list for PBXNativeTarget "DemoSign" */ = {
			isa = XCConfigurationList;
			buildConfigurations = (
				A011676128E4F43F007DDD4A /* Debug */,
				A011676228E4F43F007DDD4A /* Release */,
			);
			defaultConfigurationIsVisible = 0;
			defaultConfigurationName = Release;
		};
/* End XCConfigurationList section */
	};
	rootObject = A011674A28E4F43D007DDD4A /* Project object */;
}
